
Microsoft Visual Studio Solution File, Format Version 12.00
# Visual Studio 2015
Project("{FAE04EC0-301F-11D3-BF4B-00C04F79EFBC}") = "miko", "miko.csproj", "{D1167AB3-A815-7377-1ED5-D8B2919813FB}"
EndProject
Project("{FAE04EC0-301F-11D3-BF4B-00C04F79EFBC}") = "miko.Editor", "miko.Editor.csproj", "{E586AB1F-2649-4A92-53DB-5D18694553A1}"
EndProject
Global
	GlobalSection(SolutionConfigurationPlatforms) = preSolution
		Debug|Any CPU = Debug|Any CPU
		Release|Any CPU = Release|Any CPU
	EndGlobalSection
	GlobalSection(ProjectConfigurationPlatforms) = postSolution
		{D1167AB3-A815-7377-1ED5-D8B2919813FB}.Debug|Any CPU.ActiveCfg = Debug|Any CPU
		{D1167AB3-A815-7377-1ED5-D8B2919813FB}.Debug|Any CPU.Build.0 = Debug|Any CPU
		{D1167AB3-A815-7377-1ED5-D8B2919813FB}.Release|Any CPU.ActiveCfg = Release|Any CPU
		{D1167AB3-A815-7377-1ED5-D8B2919813FB}.Release|Any CPU.Build.0 = Release|Any CPU
		{E586AB1F-2649-4A92-53DB-5D18694553A1}.Debug|Any CPU.ActiveCfg = Debug|Any CPU
		{E586AB1F-2649-4A92-53DB-5D18694553A1}.Debug|Any CPU.Build.0 = Debug|Any CPU
		{E586AB1F-2649-4A92-53DB-5D18694553A1}.Release|Any CPU.ActiveCfg = Release|Any CPU
		{E586AB1F-2649-4A92-53DB-5D18694553A1}.Release|Any CPU.Build.0 = Release|Any CPU
	EndGlobalSection
	GlobalSection(SolutionProperties) = preSolution
		HideSolutionNode = FALSE
	EndGlobalSection
EndGlobal
